
Microsoft Visual Studio Solution File, Format Version 12.00
# Visual Studio Version 17
VisualStudioVersion = 17.7.34003.232
MinimumVisualStudioVersion = 10.0.40219.1
Project("{FAE04EC0-301F-11D3-BF4B-00C04F79EFBC}") = "konyvtar", "konyvtar.csproj", "{B89A00BD-347E-4903-8CA6-F74CCCF62EEE}"
EndProject
Global
	GlobalSection(SolutionConfigurationPlatforms) = preSolution
		Debug|Any CPU = Debug|Any CPU
		Release|Any CPU = Release|Any CPU
	EndGlobalSection
	GlobalSection(ProjectConfigurationPlatforms) = postSolution
		{B89A00BD-347E-4903-8CA6-F74CCCF62EEE}.Debug|Any CPU.ActiveCfg = Debug|Any CPU
		{B89A00BD-347E-4903-8CA6-F74CCCF62EEE}.Debug|Any CPU.Build.0 = Debug|Any CPU
		{B89A00BD-347E-4903-8CA6-F74CCCF62EEE}.Release|Any CPU.ActiveCfg = Release|Any CPU
		{B89A00BD-347E-4903-8CA6-F74CCCF62EEE}.Release|Any CPU.Build.0 = Release|Any CPU
	EndGlobalSection
	GlobalSection(SolutionProperties) = preSolution
		HideSolutionNode = FALSE
	EndGlobalSection
	GlobalSection(ExtensibilityGlobals) = postSolution
		SolutionGuid = {07F0138D-E615-41F4-B0BA-644B19403882}
	EndGlobalSection
EndGlobal
